
Microsoft Visual Studio Solution File, Format Version 12.00
# Visual Studio 15
VisualStudioVersion = 15.0.27703.2026
MinimumVisualStudioVersion = 10.0.40219.1
Project("{8BC9CEB8-8B4A-11D0-8D11-00A0C91BC942}") = "Project3", "Project3\Project3.vcxproj", "{582736B6-B12A-407A-BF39-B754444F3BC0}"
EndProject
Global
	GlobalSection(SolutionConfigurationPlatforms) = preSolution
		Debug|x64 = Debug|x64
		Debug|x86 = Debug|x86
		Release|x64 = Release|x64
		Release|x86 = Release|x86
	EndGlobalSection
	GlobalSection(ProjectConfigurationPlatforms) = postSolution
		{582736B6-B12A-407A-BF39-B754444F3BC0}.Debug|x64.ActiveCfg = Debug|x64
		{582736B6-B12A-407A-BF39-B754444F3BC0}.Debug|x64.Build.0 = Debug|x64
		{582736B6-B12A-407A-BF39-B754444F3BC0}.Debug|x86.ActiveCfg = Debug|Win32
		{582736B6-B12A-407A-BF39-B754444F3BC0}.Debug|x86.Build.0 = Debug|Win32
		{582736B6-B12A-407A-BF39-B754444F3BC0}.Release|x64.ActiveCfg = Release|x64
		{582736B6-B12A-407A-BF39-B754444F3BC0}.Release|x64.Build.0 = Release|x64
		{582736B6-B12A-407A-BF39-B754444F3BC0}.Release|x86.ActiveCfg = Release|Win32
		{582736B6-B12A-407A-BF39-B754444F3BC0}.Release|x86.Build.0 = Release|Win32
	EndGlobalSection
	GlobalSection(SolutionProperties) = preSolution
		HideSolutionNode = FALSE
	EndGlobalSection
	GlobalSection(ExtensibilityGlobals) = postSolution
		SolutionGuid = {82D1D9E2-A3F1-4A97-9C6F-782A91CCE0CE}
	EndGlobalSection
EndGlobal
