
Microsoft Visual Studio Solution File, Format Version 12.00
# Visual Studio 15
VisualStudioVersion = 15.0.27703.2026
MinimumVisualStudioVersion = 10.0.40219.1
Project("{8BC9CEB8-8B4A-11D0-8D11-00A0C91BC942}") = "Project5", "Project5\Project5.vcxproj", "{99FE5338-969F-4624-8D26-24D5DA171668}"
EndProject
Global
	GlobalSection(SolutionConfigurationPlatforms) = preSolution
		Debug|x64 = Debug|x64
		Debug|x86 = Debug|x86
		Release|x64 = Release|x64
		Release|x86 = Release|x86
	EndGlobalSection
	GlobalSection(ProjectConfigurationPlatforms) = postSolution
		{99FE5338-969F-4624-8D26-24D5DA171668}.Debug|x64.ActiveCfg = Debug|x64
		{99FE5338-969F-4624-8D26-24D5DA171668}.Debug|x64.Build.0 = Debug|x64
		{99FE5338-969F-4624-8D26-24D5DA171668}.Debug|x86.ActiveCfg = Debug|Win32
		{99FE5338-969F-4624-8D26-24D5DA171668}.Debug|x86.Build.0 = Debug|Win32
		{99FE5338-969F-4624-8D26-24D5DA171668}.Release|x64.ActiveCfg = Release|x64
		{99FE5338-969F-4624-8D26-24D5DA171668}.Release|x64.Build.0 = Release|x64
		{99FE5338-969F-4624-8D26-24D5DA171668}.Release|x86.ActiveCfg = Release|Win32
		{99FE5338-969F-4624-8D26-24D5DA171668}.Release|x86.Build.0 = Release|Win32
	EndGlobalSection
	GlobalSection(SolutionProperties) = preSolution
		HideSolutionNode = FALSE
	EndGlobalSection
	GlobalSection(ExtensibilityGlobals) = postSolution
		SolutionGuid = {D5F95B82-A498-4257-9A3E-24934A4FAAF6}
	EndGlobalSection
EndGlobal
