
Microsoft Visual Studio Solution File, Format Version 12.00
# Visual Studio 15
VisualStudioVersion = 15.0.27703.2026
MinimumVisualStudioVersion = 10.0.40219.1
Project("{8BC9CEB8-8B4A-11D0-8D11-00A0C91BC942}") = "Project2", "Project2\Project2.vcxproj", "{529945ED-713D-4AE3-AD23-49FF76242CAF}"
EndProject
Global
	GlobalSection(SolutionConfigurationPlatforms) = preSolution
		Debug|x64 = Debug|x64
		Debug|x86 = Debug|x86
		Release|x64 = Release|x64
		Release|x86 = Release|x86
	EndGlobalSection
	GlobalSection(ProjectConfigurationPlatforms) = postSolution
		{529945ED-713D-4AE3-AD23-49FF76242CAF}.Debug|x64.ActiveCfg = Debug|x64
		{529945ED-713D-4AE3-AD23-49FF76242CAF}.Debug|x64.Build.0 = Debug|x64
		{529945ED-713D-4AE3-AD23-49FF76242CAF}.Debug|x86.ActiveCfg = Debug|Win32
		{529945ED-713D-4AE3-AD23-49FF76242CAF}.Debug|x86.Build.0 = Debug|Win32
		{529945ED-713D-4AE3-AD23-49FF76242CAF}.Release|x64.ActiveCfg = Release|x64
		{529945ED-713D-4AE3-AD23-49FF76242CAF}.Release|x64.Build.0 = Release|x64
		{529945ED-713D-4AE3-AD23-49FF76242CAF}.Release|x86.ActiveCfg = Release|Win32
		{529945ED-713D-4AE3-AD23-49FF76242CAF}.Release|x86.Build.0 = Release|Win32
	EndGlobalSection
	GlobalSection(SolutionProperties) = preSolution
		HideSolutionNode = FALSE
	EndGlobalSection
	GlobalSection(ExtensibilityGlobals) = postSolution
		SolutionGuid = {B3736EF9-7213-4646-9814-B9C9416C87A7}
	EndGlobalSection
EndGlobal
