
Microsoft Visual Studio Solution File, Format Version 12.00
# Visual Studio Version 16
VisualStudioVersion = 16.0.29709.97
MinimumVisualStudioVersion = 10.0.40219.1
Project("{FAE04EC0-301F-11D3-BF4B-00C04F79EFBC}") = "WpfApp1", "WpfApp1\WpfApp1.csproj", "{0CBDE443-CED3-4C8C-8F06-F4D21C5278A1}"
EndProject
Global
	GlobalSection(SolutionConfigurationPlatforms) = preSolution
		Debug|Any CPU = Debug|Any CPU
		Release|Any CPU = Release|Any CPU
	EndGlobalSection
	GlobalSection(ProjectConfigurationPlatforms) = postSolution
		{0CBDE443-CED3-4C8C-8F06-F4D21C5278A1}.Debug|Any CPU.ActiveCfg = Debug|Any CPU
		{0CBDE443-CED3-4C8C-8F06-F4D21C5278A1}.Debug|Any CPU.Build.0 = Debug|Any CPU
		{0CBDE443-CED3-4C8C-8F06-F4D21C5278A1}.Release|Any CPU.ActiveCfg = Release|Any CPU
		{0CBDE443-CED3-4C8C-8F06-F4D21C5278A1}.Release|Any CPU.Build.0 = Release|Any CPU
	EndGlobalSection
	GlobalSection(SolutionProperties) = preSolution
		HideSolutionNode = FALSE
	EndGlobalSection
	GlobalSection(ExtensibilityGlobals) = postSolution
		SolutionGuid = {CF8D8C87-B054-48BC-BB39-E058C598408F}
	EndGlobalSection
EndGlobal
