
Microsoft Visual Studio Solution File, Format Version 12.00
# Visual Studio Version 16
VisualStudioVersion = 16.0.29306.81
MinimumVisualStudioVersion = 10.0.40219.1
Project("{FAE04EC0-301F-11D3-BF4B-00C04F79EFBC}") = "Logger", "Logger\Logger.csproj", "{0B821131-E96B-4C85-82D0-DB4812232960}"
EndProject
Global
	GlobalSection(SolutionConfigurationPlatforms) = preSolution
		Debug|Any CPU = Debug|Any CPU
		Release|Any CPU = Release|Any CPU
	EndGlobalSection
	GlobalSection(ProjectConfigurationPlatforms) = postSolution
		{0B821131-E96B-4C85-82D0-DB4812232960}.Debug|Any CPU.ActiveCfg = Debug|Any CPU
		{0B821131-E96B-4C85-82D0-DB4812232960}.Debug|Any CPU.Build.0 = Debug|Any CPU
		{0B821131-E96B-4C85-82D0-DB4812232960}.Release|Any CPU.ActiveCfg = Release|Any CPU
		{0B821131-E96B-4C85-82D0-DB4812232960}.Release|Any CPU.Build.0 = Release|Any CPU
	EndGlobalSection
	GlobalSection(SolutionProperties) = preSolution
		HideSolutionNode = FALSE
	EndGlobalSection
	GlobalSection(ExtensibilityGlobals) = postSolution
		SolutionGuid = {2F06414A-A4ED-4065-9E41-433D995080E9}
	EndGlobalSection
EndGlobal
