
Microsoft Visual Studio Solution File, Format Version 12.00
# Visual Studio 15
VisualStudioVersion = 15.0.28010.2026
MinimumVisualStudioVersion = 10.0.40219.1
Project("{8BC9CEB8-8B4A-11D0-8D11-00A0C91BC942}") = "Project7", "Project7\Project7.vcxproj", "{BBF40462-0D02-4C12-A58A-8119A0BBBE27}"
EndProject
Global
	GlobalSection(SolutionConfigurationPlatforms) = preSolution
		Debug|x64 = Debug|x64
		Debug|x86 = Debug|x86
		Release|x64 = Release|x64
		Release|x86 = Release|x86
	EndGlobalSection
	GlobalSection(ProjectConfigurationPlatforms) = postSolution
		{BBF40462-0D02-4C12-A58A-8119A0BBBE27}.Debug|x64.ActiveCfg = Debug|x64
		{BBF40462-0D02-4C12-A58A-8119A0BBBE27}.Debug|x64.Build.0 = Debug|x64
		{BBF40462-0D02-4C12-A58A-8119A0BBBE27}.Debug|x86.ActiveCfg = Debug|Win32
		{BBF40462-0D02-4C12-A58A-8119A0BBBE27}.Debug|x86.Build.0 = Debug|Win32
		{BBF40462-0D02-4C12-A58A-8119A0BBBE27}.Release|x64.ActiveCfg = Release|x64
		{BBF40462-0D02-4C12-A58A-8119A0BBBE27}.Release|x64.Build.0 = Release|x64
		{BBF40462-0D02-4C12-A58A-8119A0BBBE27}.Release|x86.ActiveCfg = Release|Win32
		{BBF40462-0D02-4C12-A58A-8119A0BBBE27}.Release|x86.Build.0 = Release|Win32
	EndGlobalSection
	GlobalSection(SolutionProperties) = preSolution
		HideSolutionNode = FALSE
	EndGlobalSection
	GlobalSection(ExtensibilityGlobals) = postSolution
		SolutionGuid = {D858C639-944A-46E9-AD5A-1E7D84FB8DA0}
	EndGlobalSection
EndGlobal
