
Microsoft Visual Studio Solution File, Format Version 12.00
# Visual Studio 15
VisualStudioVersion = 15.0.27703.2026
MinimumVisualStudioVersion = 10.0.40219.1
Project("{8BC9CEB8-8B4A-11D0-8D11-00A0C91BC942}") = "Project7", "Project7\Project7.vcxproj", "{811EFA1B-88B2-411E-B03A-A7BC17491DBD}"
EndProject
Global
	GlobalSection(SolutionConfigurationPlatforms) = preSolution
		Debug|x64 = Debug|x64
		Debug|x86 = Debug|x86
		Release|x64 = Release|x64
		Release|x86 = Release|x86
	EndGlobalSection
	GlobalSection(ProjectConfigurationPlatforms) = postSolution
		{811EFA1B-88B2-411E-B03A-A7BC17491DBD}.Debug|x64.ActiveCfg = Debug|x64
		{811EFA1B-88B2-411E-B03A-A7BC17491DBD}.Debug|x64.Build.0 = Debug|x64
		{811EFA1B-88B2-411E-B03A-A7BC17491DBD}.Debug|x86.ActiveCfg = Debug|Win32
		{811EFA1B-88B2-411E-B03A-A7BC17491DBD}.Debug|x86.Build.0 = Debug|Win32
		{811EFA1B-88B2-411E-B03A-A7BC17491DBD}.Release|x64.ActiveCfg = Release|x64
		{811EFA1B-88B2-411E-B03A-A7BC17491DBD}.Release|x64.Build.0 = Release|x64
		{811EFA1B-88B2-411E-B03A-A7BC17491DBD}.Release|x86.ActiveCfg = Release|Win32
		{811EFA1B-88B2-411E-B03A-A7BC17491DBD}.Release|x86.Build.0 = Release|Win32
	EndGlobalSection
	GlobalSection(SolutionProperties) = preSolution
		HideSolutionNode = FALSE
	EndGlobalSection
	GlobalSection(ExtensibilityGlobals) = postSolution
		SolutionGuid = {3ED502BD-0FB1-4640-B32A-37D736D34DA6}
	EndGlobalSection
EndGlobal
