
Microsoft Visual Studio Solution File, Format Version 12.00
# Visual Studio 15
VisualStudioVersion = 15.0.28010.2046
MinimumVisualStudioVersion = 10.0.40219.1
Project("{8BC9CEB8-8B4A-11D0-8D11-00A0C91BC942}") = "Project4", "Project4\Project4.vcxproj", "{3DBBAED0-DBC0-4E14-86E4-9D92782EC5AD}"
EndProject
Global
	GlobalSection(SolutionConfigurationPlatforms) = preSolution
		Debug|x64 = Debug|x64
		Debug|x86 = Debug|x86
		Release|x64 = Release|x64
		Release|x86 = Release|x86
	EndGlobalSection
	GlobalSection(ProjectConfigurationPlatforms) = postSolution
		{3DBBAED0-DBC0-4E14-86E4-9D92782EC5AD}.Debug|x64.ActiveCfg = Debug|x64
		{3DBBAED0-DBC0-4E14-86E4-9D92782EC5AD}.Debug|x64.Build.0 = Debug|x64
		{3DBBAED0-DBC0-4E14-86E4-9D92782EC5AD}.Debug|x86.ActiveCfg = Debug|Win32
		{3DBBAED0-DBC0-4E14-86E4-9D92782EC5AD}.Debug|x86.Build.0 = Debug|Win32
		{3DBBAED0-DBC0-4E14-86E4-9D92782EC5AD}.Release|x64.ActiveCfg = Release|x64
		{3DBBAED0-DBC0-4E14-86E4-9D92782EC5AD}.Release|x64.Build.0 = Release|x64
		{3DBBAED0-DBC0-4E14-86E4-9D92782EC5AD}.Release|x86.ActiveCfg = Release|Win32
		{3DBBAED0-DBC0-4E14-86E4-9D92782EC5AD}.Release|x86.Build.0 = Release|Win32
	EndGlobalSection
	GlobalSection(SolutionProperties) = preSolution
		HideSolutionNode = FALSE
	EndGlobalSection
	GlobalSection(ExtensibilityGlobals) = postSolution
		SolutionGuid = {B4C0A45E-C115-49FD-89AC-32107A24CCBD}
	EndGlobalSection
EndGlobal
