
Microsoft Visual Studio Solution File, Format Version 12.00
# Visual Studio Version 16
VisualStudioVersion = 16.0.28407.52
MinimumVisualStudioVersion = 10.0.40219.1
Project("{8BC9CEB8-8B4A-11D0-8D11-00A0C91BC942}") = "Project5", "Project5\Project5.vcxproj", "{EFEF4EA1-6FA3-4FD0-A060-24BB77B62EF7}"
EndProject
Global
	GlobalSection(SolutionConfigurationPlatforms) = preSolution
		Debug|x64 = Debug|x64
		Debug|x86 = Debug|x86
		Release|x64 = Release|x64
		Release|x86 = Release|x86
	EndGlobalSection
	GlobalSection(ProjectConfigurationPlatforms) = postSolution
		{EFEF4EA1-6FA3-4FD0-A060-24BB77B62EF7}.Debug|x64.ActiveCfg = Debug|x64
		{EFEF4EA1-6FA3-4FD0-A060-24BB77B62EF7}.Debug|x64.Build.0 = Debug|x64
		{EFEF4EA1-6FA3-4FD0-A060-24BB77B62EF7}.Debug|x86.ActiveCfg = Debug|Win32
		{EFEF4EA1-6FA3-4FD0-A060-24BB77B62EF7}.Debug|x86.Build.0 = Debug|Win32
		{EFEF4EA1-6FA3-4FD0-A060-24BB77B62EF7}.Release|x64.ActiveCfg = Release|x64
		{EFEF4EA1-6FA3-4FD0-A060-24BB77B62EF7}.Release|x64.Build.0 = Release|x64
		{EFEF4EA1-6FA3-4FD0-A060-24BB77B62EF7}.Release|x86.ActiveCfg = Release|Win32
		{EFEF4EA1-6FA3-4FD0-A060-24BB77B62EF7}.Release|x86.Build.0 = Release|Win32
	EndGlobalSection
	GlobalSection(SolutionProperties) = preSolution
		HideSolutionNode = FALSE
	EndGlobalSection
	GlobalSection(ExtensibilityGlobals) = postSolution
		SolutionGuid = {F1A8CB5C-28B8-4F24-BAE4-8FF13F2A0EAD}
	EndGlobalSection
EndGlobal
