
Microsoft Visual Studio Solution File, Format Version 12.00
# Visual Studio 15
VisualStudioVersion = 15.0.27703.2026
MinimumVisualStudioVersion = 10.0.40219.1
Project("{8BC9CEB8-8B4A-11D0-8D11-00A0C91BC942}") = "Project19", "Project19\Project19.vcxproj", "{9877817E-A9A4-421B-9266-2B8D3C3B24E5}"
EndProject
Global
	GlobalSection(SolutionConfigurationPlatforms) = preSolution
		Debug|x64 = Debug|x64
		Debug|x86 = Debug|x86
		Release|x64 = Release|x64
		Release|x86 = Release|x86
	EndGlobalSection
	GlobalSection(ProjectConfigurationPlatforms) = postSolution
		{9877817E-A9A4-421B-9266-2B8D3C3B24E5}.Debug|x64.ActiveCfg = Debug|x64
		{9877817E-A9A4-421B-9266-2B8D3C3B24E5}.Debug|x64.Build.0 = Debug|x64
		{9877817E-A9A4-421B-9266-2B8D3C3B24E5}.Debug|x86.ActiveCfg = Debug|Win32
		{9877817E-A9A4-421B-9266-2B8D3C3B24E5}.Debug|x86.Build.0 = Debug|Win32
		{9877817E-A9A4-421B-9266-2B8D3C3B24E5}.Release|x64.ActiveCfg = Release|x64
		{9877817E-A9A4-421B-9266-2B8D3C3B24E5}.Release|x64.Build.0 = Release|x64
		{9877817E-A9A4-421B-9266-2B8D3C3B24E5}.Release|x86.ActiveCfg = Release|Win32
		{9877817E-A9A4-421B-9266-2B8D3C3B24E5}.Release|x86.Build.0 = Release|Win32
	EndGlobalSection
	GlobalSection(SolutionProperties) = preSolution
		HideSolutionNode = FALSE
	EndGlobalSection
	GlobalSection(ExtensibilityGlobals) = postSolution
		SolutionGuid = {668D3A3B-1C88-4E79-9CED-AD9B42D4304C}
	EndGlobalSection
EndGlobal
