
Microsoft Visual Studio Solution File, Format Version 12.00
# Visual Studio Version 16
VisualStudioVersion = 16.0.29306.81
MinimumVisualStudioVersion = 10.0.40219.1
Project("{FAE04EC0-301F-11D3-BF4B-00C04F79EFBC}") = "Organizer", "Organizer\Organizer.csproj", "{BBDE3D5A-7BE5-45B1-862D-512511CD1F45}"
EndProject
Global
	GlobalSection(SolutionConfigurationPlatforms) = preSolution
		Debug|Any CPU = Debug|Any CPU
		Release|Any CPU = Release|Any CPU
	EndGlobalSection
	GlobalSection(ProjectConfigurationPlatforms) = postSolution
		{BBDE3D5A-7BE5-45B1-862D-512511CD1F45}.Debug|Any CPU.ActiveCfg = Debug|Any CPU
		{BBDE3D5A-7BE5-45B1-862D-512511CD1F45}.Debug|Any CPU.Build.0 = Debug|Any CPU
		{BBDE3D5A-7BE5-45B1-862D-512511CD1F45}.Release|Any CPU.ActiveCfg = Release|Any CPU
		{BBDE3D5A-7BE5-45B1-862D-512511CD1F45}.Release|Any CPU.Build.0 = Release|Any CPU
	EndGlobalSection
	GlobalSection(SolutionProperties) = preSolution
		HideSolutionNode = FALSE
	EndGlobalSection
	GlobalSection(ExtensibilityGlobals) = postSolution
		SolutionGuid = {4B22176B-6C61-46C8-BB2C-65B322DC56C2}
	EndGlobalSection
EndGlobal
