
Microsoft Visual Studio Solution File, Format Version 12.00
# Visual Studio Version 16
VisualStudioVersion = 16.0.29215.179
MinimumVisualStudioVersion = 10.0.40219.1
Project("{FAE04EC0-301F-11D3-BF4B-00C04F79EFBC}") = "Sereliz", "Sereliz\Sereliz.csproj", "{A6877D4B-95B8-4545-8F0D-977060858B00}"
EndProject
Global
	GlobalSection(SolutionConfigurationPlatforms) = preSolution
		Debug|Any CPU = Debug|Any CPU
		Release|Any CPU = Release|Any CPU
	EndGlobalSection
	GlobalSection(ProjectConfigurationPlatforms) = postSolution
		{A6877D4B-95B8-4545-8F0D-977060858B00}.Debug|Any CPU.ActiveCfg = Debug|Any CPU
		{A6877D4B-95B8-4545-8F0D-977060858B00}.Debug|Any CPU.Build.0 = Debug|Any CPU
		{A6877D4B-95B8-4545-8F0D-977060858B00}.Release|Any CPU.ActiveCfg = Release|Any CPU
		{A6877D4B-95B8-4545-8F0D-977060858B00}.Release|Any CPU.Build.0 = Release|Any CPU
	EndGlobalSection
	GlobalSection(SolutionProperties) = preSolution
		HideSolutionNode = FALSE
	EndGlobalSection
	GlobalSection(ExtensibilityGlobals) = postSolution
		SolutionGuid = {0FA2F60F-009E-4639-845E-674F44FA7A3F}
	EndGlobalSection
EndGlobal
