
Microsoft Visual Studio Solution File, Format Version 12.00
# Visual Studio 15
VisualStudioVersion = 15.0.27703.2026
MinimumVisualStudioVersion = 10.0.40219.1
Project("{8BC9CEB8-8B4A-11D0-8D11-00A0C91BC942}") = "Project3", "Project3\Project3.vcxproj", "{95BDB245-4C40-4302-A457-9C5B5F0AFA35}"
EndProject
Global
	GlobalSection(SolutionConfigurationPlatforms) = preSolution
		Debug|x64 = Debug|x64
		Debug|x86 = Debug|x86
		Release|x64 = Release|x64
		Release|x86 = Release|x86
	EndGlobalSection
	GlobalSection(ProjectConfigurationPlatforms) = postSolution
		{95BDB245-4C40-4302-A457-9C5B5F0AFA35}.Debug|x64.ActiveCfg = Debug|x64
		{95BDB245-4C40-4302-A457-9C5B5F0AFA35}.Debug|x64.Build.0 = Debug|x64
		{95BDB245-4C40-4302-A457-9C5B5F0AFA35}.Debug|x86.ActiveCfg = Debug|Win32
		{95BDB245-4C40-4302-A457-9C5B5F0AFA35}.Debug|x86.Build.0 = Debug|Win32
		{95BDB245-4C40-4302-A457-9C5B5F0AFA35}.Release|x64.ActiveCfg = Release|x64
		{95BDB245-4C40-4302-A457-9C5B5F0AFA35}.Release|x64.Build.0 = Release|x64
		{95BDB245-4C40-4302-A457-9C5B5F0AFA35}.Release|x86.ActiveCfg = Release|Win32
		{95BDB245-4C40-4302-A457-9C5B5F0AFA35}.Release|x86.Build.0 = Release|Win32
	EndGlobalSection
	GlobalSection(SolutionProperties) = preSolution
		HideSolutionNode = FALSE
	EndGlobalSection
	GlobalSection(ExtensibilityGlobals) = postSolution
		SolutionGuid = {85FE8CCF-DE16-412B-85A5-0E3D83390C68}
	EndGlobalSection
EndGlobal
